
Microsoft Visual Studio Solution File, Format Version 12.00
# Visual Studio Version 17
VisualStudioVersion = 17.5.33530.505
MinimumVisualStudioVersion = 10.0.40219.1
Project("{9A19103F-16F7-4668-BE54-9A1E7A4F7556}") = "Cuenta", "Cuenta.csproj", "{241EEC3B-E360-4B70-ADA9-8426B26F962A}"
EndProject
Project("{9A19103F-16F7-4668-BE54-9A1E7A4F7556}") = "Comunes", "..\Comunes\Comunes.csproj", "{CB66AB8F-4543-4E6C-8FDD-BEF2F7A73B5D}"
EndProject
Project("{9A19103F-16F7-4668-BE54-9A1E7A4F7556}") = "AccesoDatos", "..\AccesoDatos\AccesoDatos.csproj", "{7CD1946C-6671-46C7-AA06-E693B2FC50E5}"
EndProject
Project("{FAE04EC0-301F-11D3-BF4B-00C04F79EFBC}") = "Operaciones", "..\Operaciones\Operaciones.csproj", "{3C5EB55E-F589-4F6A-862E-46409B6CC097}"
EndProject
Global
	GlobalSection(SolutionConfigurationPlatforms) = preSolution
		Debug|Any CPU = Debug|Any CPU
		Release|Any CPU = Release|Any CPU
	EndGlobalSection
	GlobalSection(ProjectConfigurationPlatforms) = postSolution
		{241EEC3B-E360-4B70-ADA9-8426B26F962A}.Debug|Any CPU.ActiveCfg = Debug|Any CPU
		{241EEC3B-E360-4B70-ADA9-8426B26F962A}.Debug|Any CPU.Build.0 = Debug|Any CPU
		{241EEC3B-E360-4B70-ADA9-8426B26F962A}.Release|Any CPU.ActiveCfg = Release|Any CPU
		{241EEC3B-E360-4B70-ADA9-8426B26F962A}.Release|Any CPU.Build.0 = Release|Any CPU
		{CB66AB8F-4543-4E6C-8FDD-BEF2F7A73B5D}.Debug|Any CPU.ActiveCfg = Debug|Any CPU
		{CB66AB8F-4543-4E6C-8FDD-BEF2F7A73B5D}.Debug|Any CPU.Build.0 = Debug|Any CPU
		{CB66AB8F-4543-4E6C-8FDD-BEF2F7A73B5D}.Release|Any CPU.ActiveCfg = Release|Any CPU
		{CB66AB8F-4543-4E6C-8FDD-BEF2F7A73B5D}.Release|Any CPU.Build.0 = Release|Any CPU
		{7CD1946C-6671-46C7-AA06-E693B2FC50E5}.Debug|Any CPU.ActiveCfg = Debug|Any CPU
		{7CD1946C-6671-46C7-AA06-E693B2FC50E5}.Debug|Any CPU.Build.0 = Debug|Any CPU
		{7CD1946C-6671-46C7-AA06-E693B2FC50E5}.Release|Any CPU.ActiveCfg = Release|Any CPU
		{7CD1946C-6671-46C7-AA06-E693B2FC50E5}.Release|Any CPU.Build.0 = Release|Any CPU
		{3C5EB55E-F589-4F6A-862E-46409B6CC097}.Debug|Any CPU.ActiveCfg = Debug|Any CPU
		{3C5EB55E-F589-4F6A-862E-46409B6CC097}.Debug|Any CPU.Build.0 = Debug|Any CPU
		{3C5EB55E-F589-4F6A-862E-46409B6CC097}.Release|Any CPU.ActiveCfg = Release|Any CPU
		{3C5EB55E-F589-4F6A-862E-46409B6CC097}.Release|Any CPU.Build.0 = Release|Any CPU
	EndGlobalSection
	GlobalSection(SolutionProperties) = preSolution
		HideSolutionNode = FALSE
	EndGlobalSection
	GlobalSection(ExtensibilityGlobals) = postSolution
		SolutionGuid = {142D8370-C57C-4512-B07E-E7331C1FDCB9}
	EndGlobalSection
EndGlobal
